github.com/helloworlddan/tortune v0.0.13 h1:Bt0e0dRqJmofcKWiUzUtagOQPVDb1sFqyiN8SXxpCOo=
github.com/helloworlddan/tortune v0.0.13/go.mod h1:bpttAJW6z/sMAXk/vAjTezxIjiPOzgerRAS8ViYNR68=
github.com/helloworlddan/tortune v0.0.17 h1:1UWzzUonlHHtqQVp00eOcSd2BxFguQtZAdr9q2fwLWY=
github.com/helloworlddan/tortune v0.0.17/go.mod h1:eXRjqaJo6onVcqaDdX+fl0tifWSYdPzZUd+VK0SqVGM=
